PODS:
  - AFNetworking (3.1.0):
    - AFNetworking/NSURLSession (= 3.1.0)
    - AFNetworking/Reachability (= 3.1.0)
    - AFNetworking/Security (= 3.1.0)
    - AFNetworking/Serialization (= 3.1.0)
    - AFNetworking/UIKit (= 3.1.0)
  - AFNetworking/NSURLSession (3.1.0):
    - AFNetworking/Reachability
    - AFNetworking/Security
    - AFNetworking/Serialization
  - AFNetworking/Reachability (3.1.0)
  - AFNetworking/Security (3.1.0)
  - AFNetworking/Serialization (3.1.0)
  - AFNetworking/UIKit (3.1.0):
    - AFNetworking/NSURLSession
  - JSONModel (1.7.0)
  - SDWebImage (4.0.0):
    - SDWebImage/Core (= 4.0.0)
  - SDWebImage/Core (4.0.0)
  - SVPullToRefresh_Bell (1.0.1)

DEPENDENCIES:
  - AFNetworking
  - JSONModel
  - SDWebImage
  - SVPullToRefresh_Bell

SPEC CHECKSUMS:
  AFNetworking: 5e0e199f73d8626b11e79750991f5d173d1f8b67
  JSONModel: 840bc0fcffb24b8454d2c026bf26fea454b8e98d
  SDWebImage: 76a6348bdc74eb5a55dd08a091ef298e56b55e41
  SVPullToRefresh_Bell: f9460c49e97e5d7dd938c9bac3628d17d3a51de9

PODFILE CHECKSUM: 9d7a612a35796389032a409e7202eb17ab58b217

COCOAPODS: 1.2.0
